{
  "name": "trait-rename",
  "version": "1.0.0",
  "lockfileVersion": 1,
  "requires": true,
  "dependencies": {
    "natural-compare-lite": {
      "version": "1.4.0",
      "resolved": "https://registry.npmjs.org/natural-compare-lite/-/natural-compare-lite-1.4.0.tgz",
      "integrity": "sha1-F7CVgZiJef3a/gIB6TG6kzyWy7Q=",
      "dev": true
    }
  }
}
